
Microsoft Visual Studio Solution File, Format Version 12.00
# Visual Studio Version 17
VisualStudioVersion = 17.8.34322.80
MinimumVisualStudioVersion = 10.0.40219.1
Project("{9A19103F-16F7-4668-BE54-9A1E7A4F7556}") = "IASQL", "IASQL.csproj", "{BC46A241-9789-4B2F-A4C7-A4ABB6C3C8E3}"
EndProject
Global
	GlobalSection(SolutionConfigurationPlatforms) = preSolution
		Debug|Any CPU = Debug|Any CPU
		Release|Any CPU = Release|Any CPU
	EndGlobalSection
	GlobalSection(ProjectConfigurationPlatforms) = postSolution
		{BC46A241-9789-4B2F-A4C7-A4ABB6C3C8E3}.Debug|Any CPU.ActiveCfg = Debug|Any CPU
		{BC46A241-9789-4B2F-A4C7-A4ABB6C3C8E3}.Debug|Any CPU.Build.0 = Debug|Any CPU
		{BC46A241-9789-4B2F-A4C7-A4ABB6C3C8E3}.Release|Any CPU.ActiveCfg = Release|Any CPU
		{BC46A241-9789-4B2F-A4C7-A4ABB6C3C8E3}.Release|Any CPU.Build.0 = Release|Any CPU
	EndGlobalSection
	GlobalSection(SolutionProperties) = preSolution
		HideSolutionNode = FALSE
	EndGlobalSection
	GlobalSection(ExtensibilityGlobals) = postSolution
		SolutionGuid = {3B9EE297-8B6B-44D1-84A7-4C66CF692D05}
	EndGlobalSection
EndGlobal
